// !$*UTF8*$!
{
	archiveVersion = 1;
	classes = {
	};
	objectVersion = 55;
	objects = {

/* Begin PBXBuildFile section */
		2C3F325D28CF920300E8AC44 /* AppDelegate.swift in Sources */ = {isa = PBXBuildFile; fileRef = 2C3F325C28CF920300E8AC44 /* AppDelegate.swift */; };
		2C3F325F28CF920300E8AC44 /* SceneDelegate.swift in Sources */ = {isa = PBXBuildFile; fileRef = 2C3F325E28CF920300E8AC44 /* SceneDelegate.swift */; };
		2C3F326628CF920400E8AC44 /* Assets.xcassets in Resources */ = {isa = PBXBuildFile; fileRef = 2C3F326528CF920400E8AC44 /* Assets.xcassets */; };
		2C3F326928CF920400E8AC44 /* LaunchScreen.storyboard in Resources */ = {isa = PBXBuildFile; fileRef = 2C3F326728CF920400E8AC44 /* LaunchScreen.storyboard */; };
		2C3F327428CF920400E8AC44 /* NaviGit_NirajTests.swift in Sources */ = {isa = PBXBuildFile; fileRef = 2C3F327328CF920400E8AC44 /* NaviGit_NirajTests.swift */; };
		2C3F327E28CF920400E8AC44 /* NaviGit_NirajUITests.swift in Sources */ = {isa = PBXBuildFile; fileRef = 2C3F327D28CF920400E8AC44 /* NaviGit_NirajUITests.swift */; };
		2C3F328028CF920400E8AC44 /* NaviGit_NirajUITestsLaunchTests.swift in Sources */ = {isa = PBXBuildFile; fileRef = 2C3F327F28CF920400E8AC44 /* NaviGit_NirajUITestsLaunchTests.swift */; };
		2C3F329128CF940700E8AC44 /* Coordinator.swift in Sources */ = {isa = PBXBuildFile; fileRef = 2C3F329028CF940700E8AC44 /* Coordinator.swift */; };
		2C3F329428CF951500E8AC44 /* ApplicationCoordinator.swift in Sources */ = {isa = PBXBuildFile; fileRef = 2C3F329328CF951500E8AC44 /* ApplicationCoordinator.swift */; };
		2C3F329728CF9C3A00E8AC44 /* PRListCoordinator.swift in Sources */ = {isa = PBXBuildFile; fileRef = 2C3F329628CF9C3A00E8AC44 /* PRListCoordinator.swift */; };
		2C3F329A28CF9C5D00E8AC44 /* PRListViewController.swift in Sources */ = {isa = PBXBuildFile; fileRef = 2C3F329928CF9C5D00E8AC44 /* PRListViewController.swift */; };
		2CF3D9C728D621F8003D205C /* APIEndpoint.swift in Sources */ = {isa = PBXBuildFile; fileRef = 2CF3D9C628D621F8003D205C /* APIEndpoint.swift */; };
		2CF3D9C928D6220D003D205C /* APIError.swift in Sources */ = {isa = PBXBuildFile; fileRef = 2CF3D9C828D6220D003D205C /* APIError.swift */; };
		2CF3D9CB28D62224003D205C /* NetworkManager.swift in Sources */ = {isa = PBXBuildFile; fileRef = 2CF3D9CA28D62224003D205C /* NetworkManager.swift */; };
		2CF3D9CD28D62230003D205C /* NetworkingProtocols.swift in Sources */ = {isa = PBXBuildFile; fileRef = 2CF3D9CC28D62230003D205C /* NetworkingProtocols.swift */; };
		2CF3D9CF28D6223B003D205C /* JSONKeyDecoder.swift in Sources */ = {isa = PBXBuildFile; fileRef = 2CF3D9CE28D6223B003D205C /* JSONKeyDecoder.swift */; };
		D83329DD28E4DBE500A5B14F /* PRListViewModel.swift in Sources */ = {isa = PBXBuildFile; fileRef = D83329DC28E4DBE500A5B14F /* PRListViewModel.swift */; };
		D88F69DB28E0D4AA0039B9BC /* Constants.swift in Sources */ = {isa = PBXBuildFile; fileRef = D88F69DA28E0D4AA0039B9BC /* Constants.swift */; };
		D88F69DE28E0E3EF0039B9BC /* PRRequest.swift in Sources */ = {isa = PBXBuildFile; fileRef = D88F69DD28E0E3EF0039B9BC /* PRRequest.swift */; };
		D88F69E028E0E4600039B9BC /* PRService.swift in Sources */ = {isa = PBXBuildFile; fileRef = D88F69DF28E0E4600039B9BC /* PRService.swift */; };
		D88F69E328E0E4DF0039B9BC /* PRResponseModel.swift in Sources */ = {isa = PBXBuildFile; fileRef = D88F69E228E0E4DF0039B9BC /* PRResponseModel.swift */; };
		D8A67BAF28F2A60100B2D28D /* PRTableViewCell.swift in Sources */ = {isa = PBXBuildFile; fileRef = D8A67BAE28F2A60100B2D28D /* PRTableViewCell.swift */; };
		D8A67BB128F3052F00B2D28D /* PRListCellViewModel.swift in Sources */ = {isa = PBXBuildFile; fileRef = D8A67BB028F3052F00B2D28D /* PRListCellViewModel.swift */; };
		D8A67BB328F31C1900B2D28D /* String+Extensions.swift in Sources */ = {isa = PBXBuildFile; fileRef = D8A67BB228F31C1900B2D28D /* String+Extensions.swift */; };
		D8A67BB528F34E8000B2D28D /* Collection+Extensions.swift in Sources */ = {isa = PBXBuildFile; fileRef = D8A67BB428F34E8000B2D28D /* Collection+Extensions.swift */; };
		D8A67BB728F357F500B2D28D /* UIColor+Extensions.swift in Sources */ = {isa = PBXBuildFile; fileRef = D8A67BB628F357F500B2D28D /* UIColor+Extensions.swift */; };
		D8A67BB928F35CD200B2D28D /* LoadingTableViewCell.swift in Sources */ = {isa = PBXBuildFile; fileRef = D8A67BB828F35CD200B2D28D /* LoadingTableViewCell.swift */; };
		D8A67BBB28F35D0600B2D28D /* BaseTableViewCell.swift in Sources */ = {isa = PBXBuildFile; fileRef = D8A67BBA28F35D0600B2D28D /* BaseTableViewCell.swift */; };
		D8A67BBD28F3CD0B00B2D28D /* UIAlertController+Extensions.swift in Sources */ = {isa = PBXBuildFile; fileRef = D8A67BBC28F3CD0B00B2D28D /* UIAlertController+Extensions.swift */; };
		D8C8717128F3E22C0096029B /* ImageDownloader.swift in Sources */ = {isa = PBXBuildFile; fileRef = D8C8717028F3E22C0096029B /* ImageDownloader.swift */; };
		D8C8717328F3E3760096029B /* UIImage+Extensions.swift in Sources */ = {isa = PBXBuildFile; fileRef = D8C8717228F3E3760096029B /* UIImage+Extensions.swift */; };
		D8D8463E28EA0DF200992256 /* UIView+Extensions.swift in Sources */ = {isa = PBXBuildFile; fileRef = D8D8463D28EA0DF200992256 /* UIView+Extensions.swift */; };
/* End PBXBuildFile section */

/* Begin PBXContainerItemProxy section */
		2C3F327028CF920400E8AC44 /* PBXContainerItemProxy */ = {
			isa = PBXContainerItemProxy;
			containerPortal = 2C3F325128CF920300E8AC44 /* Project object */;
			proxyType = 1;
			remoteGlobalIDString = 2C3F325828CF920300E8AC44;
			remoteInfo = NaviGit_Niraj;
		};
		2C3F327A28CF920400E8AC44 /* PBXContainerItemProxy */ = {
			isa = PBXContainerItemProxy;
			containerPortal = 2C3F325128CF920300E8AC44 /* Project object */;
			proxyType = 1;
			remoteGlobalIDString = 2C3F325828CF920300E8AC44;
			remoteInfo = NaviGit_Niraj;
		};
/* End PBXContainerItemProxy section */

/* Begin PBXFileReference section */
		2C3F325928CF920300E8AC44 /* NaviGit_Niraj.app */ = {isa = PBXFileReference; explicitFileType = wrapper.application; includeInIndex = 0; path = NaviGit_Niraj.app; sourceTree = BUILT_PRODUCTS_DIR; };
		2C3F325C28CF920300E8AC44 /* AppDelegate.swift */ = {isa = PBXFileReference; lastKnownFileType = sourcecode.swift; path = AppDelegate.swift; sourceTree = "<group>"; };
		2C3F325E28CF920300E8AC44 /* SceneDelegate.swift */ = {isa = PBXFileReference; lastKnownFileType = sourcecode.swift; path = SceneDelegate.swift; sourceTree = "<group>"; };
		2C3F326528CF920400E8AC44 /* Assets.xcassets */ = {isa = PBXFileReference; lastKnownFileType = folder.assetcatalog; path = Assets.xcassets; sourceTree = "<group>"; };
		2C3F326828CF920400E8AC44 /* Base */ = {isa = PBXFileReference; lastKnownFileType = file.storyboard; name = Base; path = Base.lproj/LaunchScreen.storyboard; sourceTree = "<group>"; };
		2C3F326A28CF920400E8AC44 /* Info.plist */ = {isa = PBXFileReference; lastKnownFileType = text.plist.xml; path = Info.plist; sourceTree = "<group>"; };
		2C3F326F28CF920400E8AC44 /* NaviGit_NirajTests.xctest */ = {isa = PBXFileReference; explicitFileType = wrapper.cfbundle; includeInIndex = 0; path = NaviGit_NirajTests.xctest; sourceTree = BUILT_PRODUCTS_DIR; };
		2C3F327328CF920400E8AC44 /* NaviGit_NirajTests.swift */ = {isa = PBXFileReference; lastKnownFileType = sourcecode.swift; path = NaviGit_NirajTests.swift; sourceTree = "<group>"; };
		2C3F327928CF920400E8AC44 /* NaviGit_NirajUITests.xctest */ = {isa = PBXFileReference; explicitFileType = wrapper.cfbundle; includeInIndex = 0; path = NaviGit_NirajUITests.xctest; sourceTree = BUILT_PRODUCTS_DIR; };
		2C3F327D28CF920400E8AC44 /* NaviGit_NirajUITests.swift */ = {isa = PBXFileReference; lastKnownFileType = sourcecode.swift; path = NaviGit_NirajUITests.swift; sourceTree = "<group>"; };
		2C3F327F28CF920400E8AC44 /* NaviGit_NirajUITestsLaunchTests.swift */ = {isa = PBXFileReference; lastKnownFileType = sourcecode.swift; path = NaviGit_NirajUITestsLaunchTests.swift; sourceTree = "<group>"; };
		2C3F329028CF940700E8AC44 /* Coordinator.swift */ = {isa = PBXFileReference; lastKnownFileType = sourcecode.swift; path = Coordinator.swift; sourceTree = "<group>"; };
		2C3F329328CF951500E8AC44 /* ApplicationCoordinator.swift */ = {isa = PBXFileReference; lastKnownFileType = sourcecode.swift; path = ApplicationCoordinator.swift; sourceTree = "<group>"; };
		2C3F329628CF9C3A00E8AC44 /* PRListCoordinator.swift */ = {isa = PBXFileReference; lastKnownFileType = sourcecode.swift; path = PRListCoordinator.swift; sourceTree = "<group>"; };
		2C3F329928CF9C5D00E8AC44 /* PRListViewController.swift */ = {isa = PBXFileReference; lastKnownFileType = sourcecode.swift; path = PRListViewController.swift; sourceTree = "<group>"; };
		2CF3D9C628D621F8003D205C /* APIEndpoint.swift */ = {isa = PBXFileReference; lastKnownFileType = sourcecode.swift; path = APIEndpoint.swift; sourceTree = "<group>"; };
		2CF3D9C828D6220D003D205C /* APIError.swift */ = {isa = PBXFileReference; lastKnownFileType = sourcecode.swift; path = APIError.swift; sourceTree = "<group>"; };
		2CF3D9CA28D62224003D205C /* NetworkManager.swift */ = {isa = PBXFileReference; lastKnownFileType = sourcecode.swift; path = NetworkManager.swift; sourceTree = "<group>"; };
		2CF3D9CC28D62230003D205C /* NetworkingProtocols.swift */ = {isa = PBXFileReference; lastKnownFileType = sourcecode.swift; path = NetworkingProtocols.swift; sourceTree = "<group>"; };
		2CF3D9CE28D6223B003D205C /* JSONKeyDecoder.swift */ = {isa = PBXFileReference; lastKnownFileType = sourcecode.swift; path = JSONKeyDecoder.swift; sourceTree = "<group>"; };
		D83329DC28E4DBE500A5B14F /* PRListViewModel.swift */ = {isa = PBXFileReference; lastKnownFileType = sourcecode.swift; path = PRListViewModel.swift; sourceTree = "<group>"; };
		D88F69DA28E0D4AA0039B9BC /* Constants.swift */ = {isa = PBXFileReference; lastKnownFileType = sourcecode.swift; path = Constants.swift; sourceTree = "<group>"; };
		D88F69DD28E0E3EF0039B9BC /* PRRequest.swift */ = {isa = PBXFileReference; lastKnownFileType = sourcecode.swift; path = PRRequest.swift; sourceTree = "<group>"; };
		D88F69DF28E0E4600039B9BC /* PRService.swift */ = {isa = PBXFileReference; lastKnownFileType = sourcecode.swift; path = PRService.swift; sourceTree = "<group>"; };
		D88F69E228E0E4DF0039B9BC /* PRResponseModel.swift */ = {isa = PBXFileReference; lastKnownFileType = sourcecode.swift; path = PRResponseModel.swift; sourceTree = "<group>"; };
		D8A67BAE28F2A60100B2D28D /* PRTableViewCell.swift */ = {isa = PBXFileReference; lastKnownFileType = sourcecode.swift; path = PRTableViewCell.swift; sourceTree = "<group>"; };
		D8A67BB028F3052F00B2D28D /* PRListCellViewModel.swift */ = {isa = PBXFileReference; lastKnownFileType = sourcecode.swift; path = PRListCellViewModel.swift; sourceTree = "<group>"; };
		D8A67BB228F31C1900B2D28D /* String+Extensions.swift */ = {isa = PBXFileReference; lastKnownFileType = sourcecode.swift; path = "String+Extensions.swift"; sourceTree = "<group>"; };
		D8A67BB428F34E8000B2D28D /* Collection+Extensions.swift */ = {isa = PBXFileReference; lastKnownFileType = sourcecode.swift; path = "Collection+Extensions.swift"; sourceTree = "<group>"; };
		D8A67BB628F357F500B2D28D /* UIColor+Extensions.swift */ = {isa = PBXFileReference; lastKnownFileType = sourcecode.swift; path = "UIColor+Extensions.swift"; sourceTree = "<group>"; };
		D8A67BB828F35CD200B2D28D /* LoadingTableViewCell.swift */ = {isa = PBXFileReference; lastKnownFileType = sourcecode.swift; path = LoadingTableViewCell.swift; sourceTree = "<group>"; };
		D8A67BBA28F35D0600B2D28D /* BaseTableViewCell.swift */ = {isa = PBXFileReference; lastKnownFileType = sourcecode.swift; path = BaseTableViewCell.swift; sourceTree = "<group>"; };
		D8A67BBC28F3CD0B00B2D28D /* UIAlertController+Extensions.swift */ = {isa = PBXFileReference; lastKnownFileType = sourcecode.swift; path = "UIAlertController+Extensions.swift"; sourceTree = "<group>"; };
		D8C8717028F3E22C0096029B /* ImageDownloader.swift */ = {isa = PBXFileReference; lastKnownFileType = sourcecode.swift; path = ImageDownloader.swift; sourceTree = "<group>"; };
		D8C8717228F3E3760096029B /* UIImage+Extensions.swift */ = {isa = PBXFileReference; lastKnownFileType = sourcecode.swift; path = "UIImage+Extensions.swift"; sourceTree = "<group>"; };
		D8D8463D28EA0DF200992256 /* UIView+Extensions.swift */ = {isa = PBXFileReference; lastKnownFileType = sourcecode.swift; path = "UIView+Extensions.swift"; sourceTree = "<group>"; };
/* End PBXFileReference section */

/* Begin PBXFrameworksBuildPhase section */
		2C3F325628CF920300E8AC44 /* Frameworks */ = {
			isa = PBXFrameworksBuildPhase;
			buildActionMask = 2147483647;
			files = (
			);
			runOnlyForDeploymentPostprocessing = 0;
		};
		2C3F326C28CF920400E8AC44 /* Frameworks */ = {
			isa = PBXFrameworksBuildPhase;
			buildActionMask = 2147483647;
			files = (
			);
			runOnlyForDeploymentPostprocessing = 0;
		};
		2C3F327628CF920400E8AC44 /* Frameworks */ = {
			isa = PBXFrameworksBuildPhase;
			buildActionMask = 2147483647;
			files = (
			);
			runOnlyForDeploymentPostprocessing = 0;
		};
/* End PBXFrameworksBuildPhase section */

/* Begin PBXGroup section */
		2C3F325028CF920300E8AC44 = {
			isa = PBXGroup;
			children = (
				2C3F325B28CF920300E8AC44 /* NaviGit_Niraj */,
				2C3F327228CF920400E8AC44 /* NaviGit_NirajTests */,
				2C3F327C28CF920400E8AC44 /* NaviGit_NirajUITests */,
				2C3F325A28CF920300E8AC44 /* Products */,
			);
			sourceTree = "<group>";
		};
		2C3F325A28CF920300E8AC44 /* Products */ = {
			isa = PBXGroup;
			children = (
				2C3F325928CF920300E8AC44 /* NaviGit_Niraj.app */,
				2C3F326F28CF920400E8AC44 /* NaviGit_NirajTests.xctest */,
				2C3F327928CF920400E8AC44 /* NaviGit_NirajUITests.xctest */,
			);
			name = Products;
			sourceTree = "<group>";
		};
		2C3F325B28CF920300E8AC44 /* NaviGit_Niraj */ = {
			isa = PBXGroup;
			children = (
				D8D8463C28EA0DE000992256 /* Extensions */,
				2CF3D9C528D621DD003D205C /* Networking */,
				2C3F329228CF949E00E8AC44 /* AppDelegate */,
				2C3F328D28CF930D00E8AC44 /* Module */,
				2C3F328C28CF930400E8AC44 /* Common */,
				2C3F326528CF920400E8AC44 /* Assets.xcassets */,
				2C3F326728CF920400E8AC44 /* LaunchScreen.storyboard */,
				2C3F326A28CF920400E8AC44 /* Info.plist */,
			);
			path = NaviGit_Niraj;
			sourceTree = "<group>";
		};
		2C3F327228CF920400E8AC44 /* NaviGit_NirajTests */ = {
			isa = PBXGroup;
			children = (
				2C3F327328CF920400E8AC44 /* NaviGit_NirajTests.swift */,
			);
			path = NaviGit_NirajTests;
			sourceTree = "<group>";
		};
		2C3F327C28CF920400E8AC44 /* NaviGit_NirajUITests */ = {
			isa = PBXGroup;
			children = (
				2C3F327D28CF920400E8AC44 /* NaviGit_NirajUITests.swift */,
				2C3F327F28CF920400E8AC44 /* NaviGit_NirajUITestsLaunchTests.swift */,
			);
			path = NaviGit_NirajUITests;
			sourceTree = "<group>";
		};
		2C3F328C28CF930400E8AC44 /* Common */ = {
			isa = PBXGroup;
			children = (
				2C3F329028CF940700E8AC44 /* Coordinator.swift */,
				2C3F329328CF951500E8AC44 /* ApplicationCoordinator.swift */,
				D88F69DA28E0D4AA0039B9BC /* Constants.swift */,
				D8A67BBA28F35D0600B2D28D /* BaseTableViewCell.swift */,
				D8C8717028F3E22C0096029B /* ImageDownloader.swift */,
			);
			path = Common;
			sourceTree = "<group>";
		};
		2C3F328D28CF930D00E8AC44 /* Module */ = {
			isa = PBXGroup;
			children = (
				2C3F328F28CF937D00E8AC44 /* PullRequest */,
			);
			path = Module;
			sourceTree = "<group>";
		};
		2C3F328F28CF937D00E8AC44 /* PullRequest */ = {
			isa = PBXGroup;
			children = (
				D8A67BAD28F2A5CB00B2D28D /* Views */,
				D83329DB28E4DBD200A5B14F /* ViewModel */,
				D88F69E128E0E4CA0039B9BC /* Model */,
				D88F69DC28E0E3CC0039B9BC /* Service */,
				2C3F329828CF9C4200E8AC44 /* Controller */,
				2C3F329528CF9B2200E8AC44 /* Coordinator */,
			);
			path = PullRequest;
			sourceTree = "<group>";
		};
		2C3F329228CF949E00E8AC44 /* AppDelegate */ = {
			isa = PBXGroup;
			children = (
				2C3F325E28CF920300E8AC44 /* SceneDelegate.swift */,
				2C3F325C28CF920300E8AC44 /* AppDelegate.swift */,
			);
			path = AppDelegate;
			sourceTree = "<group>";
		};
		2C3F329528CF9B2200E8AC44 /* Coordinator */ = {
			isa = PBXGroup;
			children = (
				2C3F329628CF9C3A00E8AC44 /* PRListCoordinator.swift */,
			);
			path = Coordinator;
			sourceTree = "<group>";
		};
		2C3F329828CF9C4200E8AC44 /* Controller */ = {
			isa = PBXGroup;
			children = (
				2C3F329928CF9C5D00E8AC44 /* PRListViewController.swift */,
			);
			path = Controller;
			sourceTree = "<group>";
		};
		2CF3D9C528D621DD003D205C /* Networking */ = {
			isa = PBXGroup;
			children = (
				2CF3D9C628D621F8003D205C /* APIEndpoint.swift */,
				2CF3D9C828D6220D003D205C /* APIError.swift */,
				2CF3D9CA28D62224003D205C /* NetworkManager.swift */,
				2CF3D9CC28D62230003D205C /* NetworkingProtocols.swift */,
				2CF3D9CE28D6223B003D205C /* JSONKeyDecoder.swift */,
			);
			path = Networking;
			sourceTree = "<group>";
		};
		D83329DB28E4DBD200A5B14F /* ViewModel */ = {
			isa = PBXGroup;
			children = (
				D83329DC28E4DBE500A5B14F /* PRListViewModel.swift */,
				D8A67BB028F3052F00B2D28D /* PRListCellViewModel.swift */,
			);
			path = ViewModel;
			sourceTree = "<group>";
		};
		D88F69DC28E0E3CC0039B9BC /* Service */ = {
			isa = PBXGroup;
			children = (
				D88F69DD28E0E3EF0039B9BC /* PRRequest.swift */,
				D88F69DF28E0E4600039B9BC /* PRService.swift */,
			);
			path = Service;
			sourceTree = "<group>";
		};
		D88F69E128E0E4CA0039B9BC /* Model */ = {
			isa = PBXGroup;
			children = (
				D88F69E228E0E4DF0039B9BC /* PRResponseModel.swift */,
			);
			path = Model;
			sourceTree = "<group>";
		};
		D8A67BAD28F2A5CB00B2D28D /* Views */ = {
			isa = PBXGroup;
			children = (
				D8A67BAE28F2A60100B2D28D /* PRTableViewCell.swift */,
				D8A67BB828F35CD200B2D28D /* LoadingTableViewCell.swift */,
			);
			path = Views;
			sourceTree = "<group>";
		};
		D8D8463C28EA0DE000992256 /* Extensions */ = {
			isa = PBXGroup;
			children = (
				D8D8463D28EA0DF200992256 /* UIView+Extensions.swift */,
				D8A67BB228F31C1900B2D28D /* String+Extensions.swift */,
				D8A67BB428F34E8000B2D28D /* Collection+Extensions.swift */,
				D8A67BB628F357F500B2D28D /* UIColor+Extensions.swift */,
				D8A67BBC28F3CD0B00B2D28D /* UIAlertController+Extensions.swift */,
				D8C8717228F3E3760096029B /* UIImage+Extensions.swift */,
			);
			path = Extensions;
			sourceTree = "<group>";
		};
/* End PBXGroup section */

/* Begin PBXNativeTarget section */
		2C3F325828CF920300E8AC44 /* NaviGit_Niraj */ = {
			isa = PBXNativeTarget;
			buildConfigurationList = 2C3F328328CF920400E8AC44 /* Build configuration list for PBXNativeTarget "NaviGit_Niraj" */;
			buildPhases = (
				2C3F325528CF920300E8AC44 /* Sources */,
				2C3F325628CF920300E8AC44 /* Frameworks */,
				2C3F325728CF920300E8AC44 /* Resources */,
			);
			buildRules = (
			);
			dependencies = (
			);
			name = NaviGit_Niraj;
			productName = NaviGit_Niraj;
			productReference = 2C3F325928CF920300E8AC44 /* NaviGit_Niraj.app */;
			productType = "com.apple.product-type.application";
		};
		2C3F326E28CF920400E8AC44 /* NaviGit_NirajTests */ = {
			isa = PBXNativeTarget;
			buildConfigurationList = 2C3F328628CF920400E8AC44 /* Build configuration list for PBXNativeTarget "NaviGit_NirajTests" */;
			buildPhases = (
				2C3F326B28CF920400E8AC44 /* Sources */,
				2C3F326C28CF920400E8AC44 /* Frameworks */,
				2C3F326D28CF920400E8AC44 /* Resources */,
			);
			buildRules = (
			);
			dependencies = (
				2C3F327128CF920400E8AC44 /* PBXTargetDependency */,
			);
			name = NaviGit_NirajTests;
			productName = NaviGit_NirajTests;
			productReference = 2C3F326F28CF920400E8AC44 /* NaviGit_NirajTests.xctest */;
			productType = "com.apple.product-type.bundle.unit-test";
		};
		2C3F327828CF920400E8AC44 /* NaviGit_NirajUITests */ = {
			isa = PBXNativeTarget;
			buildConfigurationList = 2C3F328928CF920400E8AC44 /* Build configuration list for PBXNativeTarget "NaviGit_NirajUITests" */;
			buildPhases = (
				2C3F327528CF920400E8AC44 /* Sources */,
				2C3F327628CF920400E8AC44 /* Frameworks */,
				2C3F327728CF920400E8AC44 /* Resources */,
			);
			buildRules = (
			);
			dependencies = (
				2C3F327B28CF920400E8AC44 /* PBXTargetDependency */,
			);
			name = NaviGit_NirajUITests;
			productName = NaviGit_NirajUITests;
			productReference = 2C3F327928CF920400E8AC44 /* NaviGit_NirajUITests.xctest */;
			productType = "com.apple.product-type.bundle.ui-testing";
		};
/* End PBXNativeTarget section */

/* Begin PBXProject section */
		2C3F325128CF920300E8AC44 /* Project object */ = {
			isa = PBXProject;
			attributes = {
				BuildIndependentTargetsInParallel = 1;
				LastSwiftUpdateCheck = 1340;
				LastUpgradeCheck = 1340;
				TargetAttributes = {
					2C3F325828CF920300E8AC44 = {
						CreatedOnToolsVersion = 13.4;
					};
					2C3F326E28CF920400E8AC44 = {
						CreatedOnToolsVersion = 13.4;
						TestTargetID = 2C3F325828CF920300E8AC44;
					};
					2C3F327828CF920400E8AC44 = {
						CreatedOnToolsVersion = 13.4;
						TestTargetID = 2C3F325828CF920300E8AC44;
					};
				};
			};
			buildConfigurationList = 2C3F325428CF920300E8AC44 /* Build configuration list for PBXProject "NaviGit_Niraj" */;
			compatibilityVersion = "Xcode 13.0";
			developmentRegion = en;
			hasScannedForEncodings = 0;
			knownRegions = (
				en,
				Base,
			);
			mainGroup = 2C3F325028CF920300E8AC44;
			productRefGroup = 2C3F325A28CF920300E8AC44 /* Products */;
			projectDirPath = "";
			projectRoot = "";
			targets = (
				2C3F325828CF920300E8AC44 /* NaviGit_Niraj */,
				2C3F326E28CF920400E8AC44 /* NaviGit_NirajTests */,
				2C3F327828CF920400E8AC44 /* NaviGit_NirajUITests */,
			);
		};
/* End PBXProject section */

/* Begin PBXResourcesBuildPhase section */
		2C3F325728CF920300E8AC44 /* Resources */ = {
			isa = PBXResourcesBuildPhase;
			buildActionMask = 2147483647;
			files = (
				2C3F326928CF920400E8AC44 /* LaunchScreen.storyboard in Resources */,
				2C3F326628CF920400E8AC44 /* Assets.xcassets in Resources */,
			);
			runOnlyForDeploymentPostprocessing = 0;
		};
		2C3F326D28CF920400E8AC44 /* Resources */ = {
			isa = PBXResourcesBuildPhase;
			buildActionMask = 2147483647;
			files = (
			);
			runOnlyForDeploymentPostprocessing = 0;
		};
		2C3F327728CF920400E8AC44 /* Resources */ = {
			isa = PBXResourcesBuildPhase;
			buildActionMask = 2147483647;
			files = (
			);
			runOnlyForDeploymentPostprocessing = 0;
		};
/* End PBXResourcesBuildPhase section */

/* Begin PBXSourcesBuildPhase section */
		2C3F325528CF920300E8AC44 /* Sources */ = {
			isa = PBXSourcesBuildPhase;
			buildActionMask = 2147483647;
			files = (
				D8A67BB328F31C1900B2D28D /* String+Extensions.swift in Sources */,
				2C3F329428CF951500E8AC44 /* ApplicationCoordinator.swift in Sources */,
				D8C8717128F3E22C0096029B /* ImageDownloader.swift in Sources */,
				D8A67BB528F34E8000B2D28D /* Collection+Extensions.swift in Sources */,
				2C3F329128CF940700E8AC44 /* Coordinator.swift in Sources */,
				2CF3D9CB28D62224003D205C /* NetworkManager.swift in Sources */,
				D8A67BBD28F3CD0B00B2D28D /* UIAlertController+Extensions.swift in Sources */,
				D8A67BB928F35CD200B2D28D /* LoadingTableViewCell.swift in Sources */,
				D8A67BB128F3052F00B2D28D /* PRListCellViewModel.swift in Sources */,
				2C3F325D28CF920300E8AC44 /* AppDelegate.swift in Sources */,
				2C3F329A28CF9C5D00E8AC44 /* PRListViewController.swift in Sources */,
				D88F69E328E0E4DF0039B9BC /* PRResponseModel.swift in Sources */,
				D8D8463E28EA0DF200992256 /* UIView+Extensions.swift in Sources */,
				2C3F329728CF9C3A00E8AC44 /* PRListCoordinator.swift in Sources */,
				2C3F325F28CF920300E8AC44 /* SceneDelegate.swift in Sources */,
				D8A67BAF28F2A60100B2D28D /* PRTableViewCell.swift in Sources */,
				2CF3D9CF28D6223B003D205C /* JSONKeyDecoder.swift in Sources */,
				2CF3D9C728D621F8003D205C /* APIEndpoint.swift in Sources */,
				D8A67BBB28F35D0600B2D28D /* BaseTableViewCell.swift in Sources */,
				D83329DD28E4DBE500A5B14F /* PRListViewModel.swift in Sources */,
				D88F69E028E0E4600039B9BC /* PRService.swift in Sources */,
				2CF3D9C928D6220D003D205C /* APIError.swift in Sources */,
				D88F69DE28E0E3EF0039B9BC /* PRRequest.swift in Sources */,
				D8A67BB728F357F500B2D28D /* UIColor+Extensions.swift in Sources */,
				D8C8717328F3E3760096029B /* UIImage+Extensions.swift in Sources */,
				2CF3D9CD28D62230003D205C /* NetworkingProtocols.swift in Sources */,
				D88F69DB28E0D4AA0039B9BC /* Constants.swift in Sources */,
			);
			runOnlyForDeploymentPostprocessing = 0;
		};
		2C3F326B28CF920400E8AC44 /* Sources */ = {
			isa = PBXSourcesBuildPhase;
			buildActionMask = 2147483647;
			files = (
				2C3F327428CF920400E8AC44 /* NaviGit_NirajTests.swift in Sources */,
			);
			runOnlyForDeploymentPostprocessing = 0;
		};
		2C3F327528CF920400E8AC44 /* Sources */ = {
			isa = PBXSourcesBuildPhase;
			buildActionMask = 2147483647;
			files = (
				2C3F328028CF920400E8AC44 /* NaviGit_NirajUITestsLaunchTests.swift in Sources */,
				2C3F327E28CF920400E8AC44 /* NaviGit_NirajUITests.swift in Sources */,
			);
			runOnlyForDeploymentPostprocessing = 0;
		};
/* End PBXSourcesBuildPhase section */

/* Begin PBXTargetDependency section */
		2C3F327128CF920400E8AC44 /* PBXTargetDependency */ = {
			isa = PBXTargetDependency;
			target = 2C3F325828CF920300E8AC44 /* NaviGit_Niraj */;
			targetProxy = 2C3F327028CF920400E8AC44 /* PBXContainerItemProxy */;
		};
		2C3F327B28CF920400E8AC44 /* PBXTargetDependency */ = {
			isa = PBXTargetDependency;
			target = 2C3F325828CF920300E8AC44 /* NaviGit_Niraj */;
			targetProxy = 2C3F327A28CF920400E8AC44 /* PBXContainerItemProxy */;
		};
/* End PBXTargetDependency section */

/* Begin PBXVariantGroup section */
		2C3F326728CF920400E8AC44 /* LaunchScreen.storyboard */ = {
			isa = PBXVariantGroup;
			children = (
				2C3F326828CF920400E8AC44 /* Base */,
			);
			name = LaunchScreen.storyboard;
			sourceTree = "<group>";
		};
/* End PBXVariantGroup section */

/* Begin XCBuildConfiguration section */
		2C3F328128CF920400E8AC44 /* Debug */ = {
			isa = XCBuildConfiguration;
			buildSettings = {
				ALWAYS_SEARCH_USER_PATHS = NO;
				CLANG_ANALYZER_NONNULL = YES;
				CLANG_ANALYZER_NUMBER_OBJECT_CONVERSION = YES_AGGRESSIVE;
				CLANG_CXX_LANGUAGE_STANDARD = "gnu++17";
				CLANG_ENABLE_MODULES = YES;
				CLANG_ENABLE_OBJC_ARC = YES;
				CLANG_ENABLE_OBJC_WEAK = YES;
				CLANG_WARN_BLOCK_CAPTURE_AUTORELEASING = YES;
				CLANG_WARN_BOOL_CONVERSION = YES;
				CLANG_WARN_COMMA = YES;
				CLANG_WARN_CONSTANT_CONVERSION = YES;
				CLANG_WARN_DEPRECATED_OBJC_IMPLEMENTATIONS = YES;
				CLANG_WARN_DIRECT_OBJC_ISA_USAGE = YES_ERROR;
				CLANG_WARN_DOCUMENTATION_COMMENTS = YES;
				CLANG_WARN_EMPTY_BODY = YES;
				CLANG_WARN_ENUM_CONVERSION = YES;
				CLANG_WARN_INFINITE_RECURSION = YES;
				CLANG_WARN_INT_CONVERSION = YES;
				CLANG_WARN_NON_LITERAL_NULL_CONVERSION = YES;
				CLANG_WARN_OBJC_IMPLICIT_RETAIN_SELF = YES;
				CLANG_WARN_OBJC_LITERAL_CONVERSION = YES;
				CLANG_WARN_OBJC_ROOT_CLASS = YES_ERROR;
				CLANG_WARN_QUOTED_INCLUDE_IN_FRAMEWORK_HEADER = YES;
				CLANG_WARN_RANGE_LOOP_ANALYSIS = YES;
				CLANG_WARN_STRICT_PROTOTYPES = YES;
				CLANG_WARN_SUSPICIOUS_MOVE = YES;
				CLANG_WARN_UNGUARDED_AVAILABILITY = YES_AGGRESSIVE;
				CLANG_WARN_UNREACHABLE_CODE = YES;
				CLANG_WARN__DUPLICATE_METHOD_MATCH = YES;
				COPY_PHASE_STRIP = NO;
				DEBUG_INFORMATION_FORMAT = dwarf;
				ENABLE_STRICT_OBJC_MSGSEND = YES;
				ENABLE_TESTABILITY = YES;
				GCC_C_LANGUAGE_STANDARD = gnu11;
				GCC_DYNAMIC_NO_PIC = NO;
				GCC_NO_COMMON_BLOCKS = YES;
				GCC_OPTIMIZATION_LEVEL = 0;
				GCC_PREPROCESSOR_DEFINITIONS = (
					"DEBUG=1",
					"$(inherited)",
				);
				GCC_WARN_64_TO_32_BIT_CONVERSION = YES;
				GCC_WARN_ABOUT_RETURN_TYPE = YES_ERROR;
				GCC_WARN_UNDECLARED_SELECTOR = YES;
				GCC_WARN_UNINITIALIZED_AUTOS = YES_AGGRESSIVE;
				GCC_WARN_UNUSED_FUNCTION = YES;
				GCC_WARN_UNUSED_VARIABLE = YES;
				IPHONEOS_DEPLOYMENT_TARGET = 15.5;
				MTL_ENABLE_DEBUG_INFO = INCLUDE_SOURCE;
				MTL_FAST_MATH = YES;
				ONLY_ACTIVE_ARCH = YES;
				SDKROOT = iphoneos;
				SWIFT_ACTIVE_COMPILATION_CONDITIONS = DEBUG;
				SWIFT_OPTIMIZATION_LEVEL = "-Onone";
			};
			name = Debug;
		};
		2C3F328228CF920400E8AC44 /* Release */ = {
			isa = XCBuildConfiguration;
			buildSettings = {
				ALWAYS_SEARCH_USER_PATHS = NO;
				CLANG_ANALYZER_NONNULL = YES;
				CLANG_ANALYZER_NUMBER_OBJECT_CONVERSION = YES_AGGRESSIVE;
				CLANG_CXX_LANGUAGE_STANDARD = "gnu++17";
				CLANG_ENABLE_MODULES = YES;
				CLANG_ENABLE_OBJC_ARC = YES;
				CLANG_ENABLE_OBJC_WEAK = YES;
				CLANG_WARN_BLOCK_CAPTURE_AUTORELEASING = YES;
				CLANG_WARN_BOOL_CONVERSION = YES;
				CLANG_WARN_COMMA = YES;
				CLANG_WARN_CONSTANT_CONVERSION = YES;
				CLANG_WARN_DEPRECATED_OBJC_IMPLEMENTATIONS = YES;
				CLANG_WARN_DIRECT_OBJC_ISA_USAGE = YES_ERROR;
				CLANG_WARN_DOCUMENTATION_COMMENTS = YES;
				CLANG_WARN_EMPTY_BODY = YES;
				CLANG_WARN_ENUM_CONVERSION = YES;
				CLANG_WARN_INFINITE_RECURSION = YES;
				CLANG_WARN_INT_CONVERSION = YES;
				CLANG_WARN_NON_LITERAL_NULL_CONVERSION = YES;
				CLANG_WARN_OBJC_IMPLICIT_RETAIN_SELF = YES;
				CLANG_WARN_OBJC_LITERAL_CONVERSION = YES;
				CLANG_WARN_OBJC_ROOT_CLASS = YES_ERROR;
				CLANG_WARN_QUOTED_INCLUDE_IN_FRAMEWORK_HEADER = YES;
				CLANG_WARN_RANGE_LOOP_ANALYSIS = YES;
				CLANG_WARN_STRICT_PROTOTYPES = YES;
				CLANG_WARN_SUSPICIOUS_MOVE = YES;
				CLANG_WARN_UNGUARDED_AVAILABILITY = YES_AGGRESSIVE;
				CLANG_WARN_UNREACHABLE_CODE = YES;
				CLANG_WARN__DUPLICATE_METHOD_MATCH = YES;
				COPY_PHASE_STRIP = NO;
				DEBUG_INFORMATION_FORMAT = "dwarf-with-dsym";
				ENABLE_NS_ASSERTIONS = NO;
				ENABLE_STRICT_OBJC_MSGSEND = YES;
				GCC_C_LANGUAGE_STANDARD = gnu11;
				GCC_NO_COMMON_BLOCKS = YES;
				GCC_WARN_64_TO_32_BIT_CONVERSION = YES;
				GCC_WARN_ABOUT_RETURN_TYPE = YES_ERROR;
				GCC_WARN_UNDECLARED_SELECTOR = YES;
				GCC_WARN_UNINITIALIZED_AUTOS = YES_AGGRESSIVE;
				GCC_WARN_UNUSED_FUNCTION = YES;
				GCC_WARN_UNUSED_VARIABLE = YES;
				IPHONEOS_DEPLOYMENT_TARGET = 15.5;
				MTL_ENABLE_DEBUG_INFO = NO;
				MTL_FAST_MATH = YES;
				SDKROOT = iphoneos;
				SWIFT_COMPILATION_MODE = wholemodule;
				SWIFT_OPTIMIZATION_LEVEL = "-O";
				VALIDATE_PRODUCT = YES;
			};
			name = Release;
		};
		2C3F328428CF920400E8AC44 /* Debug */ = {
			isa = XCBuildConfiguration;
			buildSettings = {
				ASSETCATALOG_COMPILER_APPICON_NAME = AppIcon;
				ASSETCATALOG_COMPILER_GLOBAL_ACCENT_COLOR_NAME = AccentColor;
				CODE_SIGN_STYLE = Automatic;
				CURRENT_PROJECT_VERSION = 1;
				DEVELOPMENT_TEAM = B4G4Y5F4Y2;
				GENERATE_INFOPLIST_FILE = YES;
				INFOPLIST_FILE = NaviGit_Niraj/Info.plist;
				INFOPLIST_KEY_UIApplicationSupportsIndirectInputEvents = YES;
				INFOPLIST_KEY_UILaunchStoryboardName = LaunchScreen;
				INFOPLIST_KEY_UISupportedInterfaceOrientations = UIInterfaceOrientationPortrait;
				IPHONEOS_DEPLOYMENT_TARGET = 15.0;
				LD_RUNPATH_SEARCH_PATHS = (
					"$(inherited)",
					"@executable_path/Frameworks",
				);
				MARKETING_VERSION = 1.0;
				PRODUCT_BUNDLE_IDENTIFIER = "com.personal.git.NaviGit-Niraj";
				PRODUCT_NAME = "$(TARGET_NAME)";
				SWIFT_EMIT_LOC_STRINGS = YES;
				SWIFT_VERSION = 5.0;
				TARGETED_DEVICE_FAMILY = "1,2";
			};
			name = Debug;
		};
		2C3F328528CF920400E8AC44 /* Release */ = {
			isa = XCBuildConfiguration;
			buildSettings = {
				ASSETCATALOG_COMPILER_APPICON_NAME = AppIcon;
				ASSETCATALOG_COMPILER_GLOBAL_ACCENT_COLOR_NAME = AccentColor;
				CODE_SIGN_STYLE = Automatic;
				CURRENT_PROJECT_VERSION = 1;
				DEVELOPMENT_TEAM = B4G4Y5F4Y2;
				GENERATE_INFOPLIST_FILE = YES;
				INFOPLIST_FILE = NaviGit_Niraj/Info.plist;
				INFOPLIST_KEY_UIApplicationSupportsIndirectInputEvents = YES;
				INFOPLIST_KEY_UILaunchStoryboardName = LaunchScreen;
				INFOPLIST_KEY_UISupportedInterfaceOrientations = UIInterfaceOrientationPortrait;
				IPHONEOS_DEPLOYMENT_TARGET = 15.0;
				LD_RUNPATH_SEARCH_PATHS = (
					"$(inherited)",
					"@executable_path/Frameworks",
				);
				MARKETING_VERSION = 1.0;
				PRODUCT_BUNDLE_IDENTIFIER = "com.personal.git.NaviGit-Niraj";
				PRODUCT_NAME = "$(TARGET_NAME)";
				SWIFT_EMIT_LOC_STRINGS = YES;
				SWIFT_VERSION = 5.0;
				TARGETED_DEVICE_FAMILY = "1,2";
			};
			name = Release;
		};
		2C3F328728CF920400E8AC44 /* Debug */ = {
			isa = XCBuildConfiguration;
			buildSettings = {
				ALWAYS_EMBED_SWIFT_STANDARD_LIBRARIES = YES;
				BUNDLE_LOADER = "$(TEST_HOST)";
				CODE_SIGN_STYLE = Automatic;
				CURRENT_PROJECT_VERSION = 1;
				DEVELOPMENT_TEAM = B4G4Y5F4Y2;
				GENERATE_INFOPLIST_FILE = YES;
				IPHONEOS_DEPLOYMENT_TARGET = 15.5;
				MARKETING_VERSION = 1.0;
				PRODUCT_BUNDLE_IDENTIFIER = "com.personal.git.NaviGit-NirajTests";
				PRODUCT_NAME = "$(TARGET_NAME)";
				SWIFT_EMIT_LOC_STRINGS = NO;
				SWIFT_VERSION = 5.0;
				TARGETED_DEVICE_FAMILY = "1,2";
				TEST_HOST = "$(BUILT_PRODUCTS_DIR)/NaviGit_Niraj.app/NaviGit_Niraj";
			};
			name = Debug;
		};
		2C3F328828CF920400E8AC44 /* Release */ = {
			isa = XCBuildConfiguration;
			buildSettings = {
				ALWAYS_EMBED_SWIFT_STANDARD_LIBRARIES = YES;
				BUNDLE_LOADER = "$(TEST_HOST)";
				CODE_SIGN_STYLE = Automatic;
				CURRENT_PROJECT_VERSION = 1;
				DEVELOPMENT_TEAM = B4G4Y5F4Y2;
				GENERATE_INFOPLIST_FILE = YES;
				IPHONEOS_DEPLOYMENT_TARGET = 15.5;
				MARKETING_VERSION = 1.0;
				PRODUCT_BUNDLE_IDENTIFIER = "com.personal.git.NaviGit-NirajTests";
				PRODUCT_NAME = "$(TARGET_NAME)";
				SWIFT_EMIT_LOC_STRINGS = NO;
				SWIFT_VERSION = 5.0;
				TARGETED_DEVICE_FAMILY = "1,2";
				TEST_HOST = "$(BUILT_PRODUCTS_DIR)/NaviGit_Niraj.app/NaviGit_Niraj";
			};
			name = Release;
		};
		2C3F328A28CF920400E8AC44 /* Debug */ = {
			isa = XCBuildConfiguration;
			buildSettings = {
				ALWAYS_EMBED_SWIFT_STANDARD_LIBRARIES = YES;
				CODE_SIGN_STYLE = Automatic;
				CURRENT_PROJECT_VERSION = 1;
				DEVELOPMENT_TEAM = B4G4Y5F4Y2;
				GENERATE_INFOPLIST_FILE = YES;
				MARKETING_VERSION = 1.0;
				PRODUCT_BUNDLE_IDENTIFIER = "com.personal.git.NaviGit-NirajUITests";
				PRODUCT_NAME = "$(TARGET_NAME)";
				SWIFT_EMIT_LOC_STRINGS = NO;
				SWIFT_VERSION = 5.0;
				TARGETED_DEVICE_FAMILY = "1,2";
				TEST_TARGET_NAME = NaviGit_Niraj;
			};
			name = Debug;
		};
		2C3F328B28CF920400E8AC44 /* Release */ = {
			isa = XCBuildConfiguration;
			buildSettings = {
				ALWAYS_EMBED_SWIFT_STANDARD_LIBRARIES = YES;
				CODE_SIGN_STYLE = Automatic;
				CURRENT_PROJECT_VERSION = 1;
				DEVELOPMENT_TEAM = B4G4Y5F4Y2;
				GENERATE_INFOPLIST_FILE = YES;
				MARKETING_VERSION = 1.0;
				PRODUCT_BUNDLE_IDENTIFIER = "com.personal.git.NaviGit-NirajUITests";
				PRODUCT_NAME = "$(TARGET_NAME)";
				SWIFT_EMIT_LOC_STRINGS = NO;
				SWIFT_VERSION = 5.0;
				TARGETED_DEVICE_FAMILY = "1,2";
				TEST_TARGET_NAME = NaviGit_Niraj;
			};
			name = Release;
		};
/* End XCBuildConfiguration section */

/* Begin XCConfigurationList section */
		2C3F325428CF920300E8AC44 /* Build configuration list for PBXProject "NaviGit_Niraj" */ = {
			isa = XCConfigurationList;
			buildConfigurations = (
				2C3F328128CF920400E8AC44 /* Debug */,
				2C3F328228CF920400E8AC44 /* Release */,
			);
			defaultConfigurationIsVisible = 0;
			defaultConfigurationName = Release;
		};
		2C3F328328CF920400E8AC44 /* Build configuration list for PBXNativeTarget "NaviGit_Niraj" */ = {
			isa = XCConfigurationList;
			buildConfigurations = (
				2C3F328428CF920400E8AC44 /* Debug */,
				2C3F328528CF920400E8AC44 /* Release */,
			);
			defaultConfigurationIsVisible = 0;
			defaultConfigurationName = Release;
		};
		2C3F328628CF920400E8AC44 /* Build configuration list for PBXNativeTarget "NaviGit_NirajTests" */ = {
			isa = XCConfigurationList;
			buildConfigurations = (
				2C3F328728CF920400E8AC44 /* Debug */,
				2C3F328828CF920400E8AC44 /* Release */,
			);
			defaultConfigurationIsVisible = 0;
			defaultConfigurationName = Release;
		};
		2C3F328928CF920400E8AC44 /* Build configuration list for PBXNativeTarget "NaviGit_NirajUITests" */ = {
			isa = XCConfigurationList;
			buildConfigurations = (
				2C3F328A28CF920400E8AC44 /* Debug */,
				2C3F328B28CF920400E8AC44 /* Release */,
			);
			defaultConfigurationIsVisible = 0;
			defaultConfigurationName = Release;
		};
/* End XCConfigurationList section */
	};
	rootObject = 2C3F325128CF920300E8AC44 /* Project object */;
}
